
Microsoft Visual Studio Solution File, Format Version 12.00
# Visual Studio 15
VisualStudioVersion = 15.0.26730.12
MinimumVisualStudioVersion = 10.0.40219.1
Project("{8BC9CEB8-8B4A-11D0-8D11-00A0C91BC942}") = "Client", "Client\Client.vcxproj", "{B600AE80-0C03-4342-81E0-691572D9846B}"
EndProject
Project("{8BC9CEB8-8B4A-11D0-8D11-00A0C91BC942}") = "Server", "Server\Server.vcxproj", "{6ABB876F-A3DC-437D-B7DF-47429DA9BF5E}"
EndProject
Project("{8BC9CEB8-8B4A-11D0-8D11-00A0C91BC942}") = "AuthenticationServer", "AuthenticationServer\AuthenticationServer.vcxproj", "{7F7A3AE3-9386-404E-9623-908E49C92976}"
EndProject
Global
	GlobalSection(SolutionConfigurationPlatforms) = preSolution
		Debug|x64 = Debug|x64
		Debug|x86 = Debug|x86
		Release|x64 = Release|x64
		Release|x86 = Release|x86
	EndGlobalSection
	GlobalSection(ProjectConfigurationPlatforms) = postSolution
		{B600AE80-0C03-4342-81E0-691572D9846B}.Debug|x64.ActiveCfg = Debug|x64
		{B600AE80-0C03-4342-81E0-691572D9846B}.Debug|x64.Build.0 = Debug|x64
		{B600AE80-0C03-4342-81E0-691572D9846B}.Debug|x86.ActiveCfg = Debug|Win32
		{B600AE80-0C03-4342-81E0-691572D9846B}.Debug|x86.Build.0 = Debug|Win32
		{B600AE80-0C03-4342-81E0-691572D9846B}.Release|x64.ActiveCfg = Release|x64
		{B600AE80-0C03-4342-81E0-691572D9846B}.Release|x64.Build.0 = Release|x64
		{B600AE80-0C03-4342-81E0-691572D9846B}.Release|x86.ActiveCfg = Release|Win32
		{B600AE80-0C03-4342-81E0-691572D9846B}.Release|x86.Build.0 = Release|Win32
		{6ABB876F-A3DC-437D-B7DF-47429DA9BF5E}.Debug|x64.ActiveCfg = Debug|x64
		{6ABB876F-A3DC-437D-B7DF-47429DA9BF5E}.Debug|x64.Build.0 = Debug|x64
		{6ABB876F-A3DC-437D-B7DF-47429DA9BF5E}.Debug|x86.ActiveCfg = Debug|Win32
		{6ABB876F-A3DC-437D-B7DF-47429DA9BF5E}.Debug|x86.Build.0 = Debug|Win32
		{6ABB876F-A3DC-437D-B7DF-47429DA9BF5E}.Release|x64.ActiveCfg = Release|x64
		{6ABB876F-A3DC-437D-B7DF-47429DA9BF5E}.Release|x64.Build.0 = Release|x64
		{6ABB876F-A3DC-437D-B7DF-47429DA9BF5E}.Release|x86.ActiveCfg = Release|Win32
		{6ABB876F-A3DC-437D-B7DF-47429DA9BF5E}.Release|x86.Build.0 = Release|Win32
		{7F7A3AE3-9386-404E-9623-908E49C92976}.Debug|x64.ActiveCfg = Debug|x64
		{7F7A3AE3-9386-404E-9623-908E49C92976}.Debug|x64.Build.0 = Debug|x64
		{7F7A3AE3-9386-404E-9623-908E49C92976}.Debug|x86.ActiveCfg = Debug|Win32
		{7F7A3AE3-9386-404E-9623-908E49C92976}.Debug|x86.Build.0 = Debug|Win32
		{7F7A3AE3-9386-404E-9623-908E49C92976}.Release|x64.ActiveCfg = Release|x64
		{7F7A3AE3-9386-404E-9623-908E49C92976}.Release|x64.Build.0 = Release|x64
		{7F7A3AE3-9386-404E-9623-908E49C92976}.Release|x86.ActiveCfg = Release|Win32
		{7F7A3AE3-9386-404E-9623-908E49C92976}.Release|x86.Build.0 = Release|Win32
	EndGlobalSection
	GlobalSection(SolutionProperties) = preSolution
		HideSolutionNode = FALSE
	EndGlobalSection
	GlobalSection(ExtensibilityGlobals) = postSolution
		SolutionGuid = {B797F7DE-8708-4522-B8C3-6CE349AFDA0D}
	EndGlobalSection
EndGlobal
